
Microsoft Visual Studio Solution File, Format Version 12.00
# Visual Studio Version 17
VisualStudioVersion = 17.3.32901.215
MinimumVisualStudioVersion = 10.0.40219.1
Project("{888888A0-9F3D-457C-B088-3A5042F75D52}") = "All_in_One", "All_in_One.pyproj", "{D22A0460-B1F1-4B2F-B0A6-7B3D7D6683D2}"
EndProject
Global
	GlobalSection(SolutionConfigurationPlatforms) = preSolution
		Debug|Any CPU = Debug|Any CPU
		Release|Any CPU = Release|Any CPU
	EndGlobalSection
	GlobalSection(ProjectConfigurationPlatforms) = postSolution
		{D22A0460-B1F1-4B2F-B0A6-7B3D7D6683D2}.Debug|Any CPU.ActiveCfg = Debug|Any CPU
		{D22A0460-B1F1-4B2F-B0A6-7B3D7D6683D2}.Release|Any CPU.ActiveCfg = Release|Any CPU
	EndGlobalSection
	GlobalSection(SolutionProperties) = preSolution
		HideSolutionNode = FALSE
	EndGlobalSection
	GlobalSection(ExtensibilityGlobals) = postSolution
		SolutionGuid = {2FD40DD4-BBC6-457B-963B-B443749F11C5}
	EndGlobalSection
EndGlobal
